
Microsoft Visual Studio Solution File, Format Version 12.00
# Visual Studio Version 17
VisualStudioVersion = 17.8.34511.84
MinimumVisualStudioVersion = 10.0.40219.1
Project("{9A19103F-16F7-4668-BE54-9A1E7A4F7556}") = "GameOfLife.Server", "GameOfLife.Server\GameOfLife.Server.csproj", "{44419F6C-26D6-40D8-BF03-2A6B5ABC2F74}"
EndProject
Project("{54A90642-561A-4BB1-A94E-469ADEE60C69}") = "gameoflife.client", "gameoflife.client\gameoflife.client.esproj", "{5A717A0A-1CD2-4396-A1FB-94FD58723D0C}"
EndProject
Project("{9A19103F-16F7-4668-BE54-9A1E7A4F7556}") = "GameOfLife.Specs", "GameOfLife.Specs\GameOfLife.Specs.csproj", "{B5AFCFB0-E518-45E6-8CC1-4DF6E1DAB9C5}"
EndProject
Global
	GlobalSection(SolutionConfigurationPlatforms) = preSolution
		Debug|Any CPU = Debug|Any CPU
		Release|Any CPU = Release|Any CPU
	EndGlobalSection
	GlobalSection(ProjectConfigurationPlatforms) = postSolution
		{44419F6C-26D6-40D8-BF03-2A6B5ABC2F74}.Debug|Any CPU.ActiveCfg = Debug|Any CPU
		{44419F6C-26D6-40D8-BF03-2A6B5ABC2F74}.Debug|Any CPU.Build.0 = Debug|Any CPU
		{44419F6C-26D6-40D8-BF03-2A6B5ABC2F74}.Release|Any CPU.ActiveCfg = Release|Any CPU
		{44419F6C-26D6-40D8-BF03-2A6B5ABC2F74}.Release|Any CPU.Build.0 = Release|Any CPU
		{5A717A0A-1CD2-4396-A1FB-94FD58723D0C}.Debug|Any CPU.ActiveCfg = Debug|Any CPU
		{5A717A0A-1CD2-4396-A1FB-94FD58723D0C}.Debug|Any CPU.Build.0 = Debug|Any CPU
		{5A717A0A-1CD2-4396-A1FB-94FD58723D0C}.Debug|Any CPU.Deploy.0 = Debug|Any CPU
		{5A717A0A-1CD2-4396-A1FB-94FD58723D0C}.Release|Any CPU.ActiveCfg = Release|Any CPU
		{5A717A0A-1CD2-4396-A1FB-94FD58723D0C}.Release|Any CPU.Build.0 = Release|Any CPU
		{5A717A0A-1CD2-4396-A1FB-94FD58723D0C}.Release|Any CPU.Deploy.0 = Release|Any CPU
		{B5AFCFB0-E518-45E6-8CC1-4DF6E1DAB9C5}.Debug|Any CPU.ActiveCfg = Debug|Any CPU
		{B5AFCFB0-E518-45E6-8CC1-4DF6E1DAB9C5}.Debug|Any CPU.Build.0 = Debug|Any CPU
		{B5AFCFB0-E518-45E6-8CC1-4DF6E1DAB9C5}.Release|Any CPU.ActiveCfg = Release|Any CPU
		{B5AFCFB0-E518-45E6-8CC1-4DF6E1DAB9C5}.Release|Any CPU.Build.0 = Release|Any CPU
	EndGlobalSection
	GlobalSection(SolutionProperties) = preSolution
		HideSolutionNode = FALSE
	EndGlobalSection
	GlobalSection(ExtensibilityGlobals) = postSolution
		SolutionGuid = {B0C5A6BA-9A7C-4796-B96D-E85B9B926CD0}
	EndGlobalSection
EndGlobal
